PODS:
  - AFNetworking (1.3.3)
  - DoubanObjCClient (1.1.4):
    - AFNetworking (= 1.3.3)
    - DOUFoundation (~> 0.1)
  - DOUFoundation (0.1.3):
    - DOUFoundation/JSONKit
  - DOUFoundation/JSONKit (0.1.3)
  - DOUUserManager (1.0.1)
  - FLKAutoLayout (0.1.1)
  - iToast (0.0.1)
  - JSONModel (0.11.0)
  - MBProgressHUD (0.8)
  - SDWebImage (3.5.4):
    - SDWebImage/Core
  - SDWebImage/Core (3.5.4)
  - Shimmer (1.0.1)
  - VCTransitionsLibrary (1.4.0)
  - YAUIKit (1.0.2)

DEPENDENCIES:
  - DoubanObjCClient (~> 1.1.2)
  - DOUFoundation (~> 0.1.2)
  - DOUUserManager (~> 1.0.0)
  - FLKAutoLayout (~> 0.1.1)
  - iToast (~> 0.0.1)
  - JSONModel (~> 0.11.0)
  - MBProgressHUD (~> 0.8)
  - SDWebImage (~> 3.5.0)
  - Shimmer (~> 1.0.0)
  - VCTransitionsLibrary (~> 1.4.0)
  - YAUIKit (~> 1.0.2)

SPEC CHECKSUMS:
  AFNetworking: 5f5b2a731d6fc2082b8abc63d40fcaed5482c42f
  DoubanObjCClient: e0fafa221ff74c2ccd4fc66b8367077cc069554f
  DOUFoundation: 080b43ad5c45afcb1b0bfc81511b5ecf37c3ad38
  DOUUserManager: ad47e5c830f369e3a1ec0e2a910b7587b8649b4e
  FLKAutoLayout: 9fa39aac2903b274fbeed6be74154cdb937a04fc
  iToast: 4de112d3dd42a3a8bf685572e6cda723c9cbc4f2
  JSONModel: f7386a54bd7ab6f28f8019dce570cc787fdf7f96
  MBProgressHUD: c356980b0cd097f19acec959b49dca5eb8ec31be
  SDWebImage: 571295c8acbb699505a0f68e54506147c3de9ea7
  Shimmer: 35aa2a57b8fbc17f9e16706021665966fd93dbd1
  VCTransitionsLibrary: 0624c9163552cf5ded57f80f6285e20fa2863607
  YAUIKit: 8d8ca5724e62c73002a6119d9581ec027bebab52

COCOAPODS: 0.33.1
