<?xml version="1.0" encoding="UTF-8"?>
<!DOCTYPE plist PUBLIC "-//Apple//DTD PLIST 1.0//EN" "http://www.apple.com/DTDs/PropertyList-1.0.dtd">
<plist version="1.0">
<dict>
	<key>archiveVersion</key>
	<string>1</string>
	<key>classes</key>
	<dict/>
	<key>objectVersion</key>
	<string>46</string>
	<key>objects</key>
	<dict>
		<key>38230447F0BB46C382DDFF3C</key>
		<dict>
			<key>buildActionMask</key>
			<string>2147483647</string>
			<key>files</key>
			<array/>
			<key>inputPaths</key>
			<array/>
			<key>isa</key>
			<string>PBXShellScriptBuildPhase</string>
			<key>name</key>
			<string>Copy Pods Resources</string>
			<key>outputPaths</key>
			<array/>
			<key>runOnlyForDeploymentPostprocessing</key>
			<string>0</string>
			<key>shellPath</key>
			<string>/bin/sh</string>
			<key>shellScript</key>
			<string>"${SRCROOT}/Pods/Pods-resources.sh"
</string>
			<key>showEnvVarsInLog</key>
			<string>0</string>
		</dict>
		<key>4830BDC3509D42C3BA211F8E</key>
		<dict>
			<key>fileRef</key>
			<string>68EE3FB5F41B4517B8CE0BE3</string>
			<key>isa</key>
			<string>PBXBuildFile</string>
		</dict>
		<key>68EE3FB5F41B4517B8CE0BE3</key>
		<dict>
			<key>explicitFileType</key>
			<string>archive.ar</string>
			<key>includeInIndex</key>
			<string>0</string>
			<key>isa</key>
			<string>PBXFileReference</string>
			<key>path</key>
			<string>libPods.a</string>
			<key>sourceTree</key>
			<string>BUILT_PRODUCTS_DIR</string>
		</dict>
		<key>6B8533346D494D9C8DB3E191</key>
		<dict>
			<key>includeInIndex</key>
			<string>1</string>
			<key>isa</key>
			<string>PBXFileReference</string>
			<key>lastKnownFileType</key>
			<string>text.xcconfig</string>
			<key>name</key>
			<string>Pods.xcconfig</string>
			<key>path</key>
			<string>Pods/Pods.xcconfig</string>
			<key>sourceTree</key>
			<string>&lt;group&gt;</string>
		</dict>
		<key>C75F1B8518B5EC8E009CB662</key>
		<dict>
			<key>children</key>
			<array>
				<string>C75F1B8B18B5ECC1009CB662</string>
				<string>C75F1B8A18B5ECB6009CB662</string>
				<string>C75F1B8918B5ECAF009CB662</string>
				<string>C75F1B8818B5ECAA009CB662</string>
				<string>C75F1B8718B5ECA1009CB662</string>
			</array>
			<key>isa</key>
			<string>PBXGroup</string>
			<key>name</key>
			<string>Source</string>
			<key>sourceTree</key>
			<string>&lt;group&gt;</string>
		</dict>
		<key>C75F1B8618B5EC95009CB662</key>
		<dict>
			<key>children</key>
			<array/>
			<key>isa</key>
			<string>PBXGroup</string>
			<key>name</key>
			<string>Resource</string>
			<key>sourceTree</key>
			<string>&lt;group&gt;</string>
		</dict>
		<key>C75F1B8718B5ECA1009CB662</key>
		<dict>
			<key>children</key>
			<array>
				<string>C75F1B8C18B5EDAE009CB662</string>
				<string>C75F1B8D18B5EDAE009CB662</string>
			</array>
			<key>isa</key>
			<string>PBXGroup</string>
			<key>name</key>
			<string>App</string>
			<key>sourceTree</key>
			<string>&lt;group&gt;</string>
		</dict>
		<key>C75F1B8818B5ECAA009CB662</key>
		<dict>
			<key>children</key>
			<array/>
			<key>isa</key>
			<string>PBXGroup</string>
			<key>name</key>
			<string>Module</string>
			<key>sourceTree</key>
			<string>&lt;group&gt;</string>
		</dict>
		<key>C75F1B8918B5ECAF009CB662</key>
		<dict>
			<key>children</key>
			<array/>
			<key>isa</key>
			<string>PBXGroup</string>
			<key>name</key>
			<string>View</string>
			<key>sourceTree</key>
			<string>&lt;group&gt;</string>
		</dict>
		<key>C75F1B8A18B5ECB6009CB662</key>
		<dict>
			<key>children</key>
			<array>
				<string>C75F1B8F18B5EE5E009CB662</string>
				<string>C75F1B9018B5EE5E009CB662</string>
				<string>C75F1B9218B5EE71009CB662</string>
				<string>C75F1B9318B5EE71009CB662</string>
				<string>C75F1B9518B5EE83009CB662</string>
				<string>C75F1B9618B5EE83009CB662</string>
				<string>C75F1B9818B5EEB6009CB662</string>
				<string>C75F1B9918B5EEB6009CB662</string>
				<string>C75F1B9B18B5EECB009CB662</string>
				<string>C75F1B9C18B5EECB009CB662</string>
			</array>
			<key>isa</key>
			<string>PBXGroup</string>
			<key>name</key>
			<string>Model</string>
			<key>sourceTree</key>
			<string>&lt;group&gt;</string>
		</dict>
		<key>C75F1B8B18B5ECC1009CB662</key>
		<dict>
			<key>children</key>
			<array/>
			<key>isa</key>
			<string>PBXGroup</string>
			<key>name</key>
			<string>API</string>
			<key>sourceTree</key>
			<string>&lt;group&gt;</string>
		</dict>
		<key>C75F1B8C18B5EDAE009CB662</key>
		<dict>
			<key>fileEncoding</key>
			<string>4</string>
			<key>isa</key>
			<string>PBXFileReference</string>
			<key>lastKnownFileType</key>
			<string>sourcecode.c.h</string>
			<key>name</key>
			<string>AppDelegate.h</string>
			<key>path</key>
			<string>Source/App/AppDelegate.h</string>
			<key>sourceTree</key>
			<string>&lt;group&gt;</string>
		</dict>
		<key>C75F1B8D18B5EDAE009CB662</key>
		<dict>
			<key>fileEncoding</key>
			<string>4</string>
			<key>isa</key>
			<string>PBXFileReference</string>
			<key>lastKnownFileType</key>
			<string>sourcecode.c.objc</string>
			<key>name</key>
			<string>AppDelegate.m</string>
			<key>path</key>
			<string>Source/App/AppDelegate.m</string>
			<key>sourceTree</key>
			<string>&lt;group&gt;</string>
		</dict>
		<key>C75F1B8E18B5EDAE009CB662</key>
		<dict>
			<key>fileRef</key>
			<string>C75F1B8D18B5EDAE009CB662</string>
			<key>isa</key>
			<string>PBXBuildFile</string>
		</dict>
		<key>C75F1B8F18B5EE5E009CB662</key>
		<dict>
			<key>fileEncoding</key>
			<string>4</string>
			<key>isa</key>
			<string>PBXFileReference</string>
			<key>lastKnownFileType</key>
			<string>sourcecode.c.h</string>
			<key>name</key>
			<string>DOUUser.h</string>
			<key>path</key>
			<string>Source/Model/DOUUser.h</string>
			<key>sourceTree</key>
			<string>&lt;group&gt;</string>
		</dict>
		<key>C75F1B9018B5EE5E009CB662</key>
		<dict>
			<key>fileEncoding</key>
			<string>4</string>
			<key>isa</key>
			<string>PBXFileReference</string>
			<key>lastKnownFileType</key>
			<string>sourcecode.c.objc</string>
			<key>name</key>
			<string>DOUUser.m</string>
			<key>path</key>
			<string>Source/Model/DOUUser.m</string>
			<key>sourceTree</key>
			<string>&lt;group&gt;</string>
		</dict>
		<key>C75F1B9118B5EE5E009CB662</key>
		<dict>
			<key>fileRef</key>
			<string>C75F1B9018B5EE5E009CB662</string>
			<key>isa</key>
			<string>PBXBuildFile</string>
		</dict>
		<key>C75F1B9218B5EE71009CB662</key>
		<dict>
			<key>fileEncoding</key>
			<string>4</string>
			<key>isa</key>
			<string>PBXFileReference</string>
			<key>lastKnownFileType</key>
			<string>sourcecode.c.h</string>
			<key>name</key>
			<string>DOUOnline.h</string>
			<key>path</key>
			<string>Source/Model/DOUOnline.h</string>
			<key>sourceTree</key>
			<string>&lt;group&gt;</string>
		</dict>
		<key>C75F1B9318B5EE71009CB662</key>
		<dict>
			<key>fileEncoding</key>
			<string>4</string>
			<key>isa</key>
			<string>PBXFileReference</string>
			<key>lastKnownFileType</key>
			<string>sourcecode.c.objc</string>
			<key>name</key>
			<string>DOUOnline.m</string>
			<key>path</key>
			<string>Source/Model/DOUOnline.m</string>
			<key>sourceTree</key>
			<string>&lt;group&gt;</string>
		</dict>
		<key>C75F1B9418B5EE71009CB662</key>
		<dict>
			<key>fileRef</key>
			<string>C75F1B9318B5EE71009CB662</string>
			<key>isa</key>
			<string>PBXBuildFile</string>
		</dict>
		<key>C75F1B9518B5EE83009CB662</key>
		<dict>
			<key>fileEncoding</key>
			<string>4</string>
			<key>isa</key>
			<string>PBXFileReference</string>
			<key>lastKnownFileType</key>
			<string>sourcecode.c.h</string>
			<key>name</key>
			<string>DOUOnlineArray.h</string>
			<key>path</key>
			<string>Source/Model/DOUOnlineArray.h</string>
			<key>sourceTree</key>
			<string>&lt;group&gt;</string>
		</dict>
		<key>C75F1B9618B5EE83009CB662</key>
		<dict>
			<key>fileEncoding</key>
			<string>4</string>
			<key>isa</key>
			<string>PBXFileReference</string>
			<key>lastKnownFileType</key>
			<string>sourcecode.c.objc</string>
			<key>name</key>
			<string>DOUOnlineArray.m</string>
			<key>path</key>
			<string>Source/Model/DOUOnlineArray.m</string>
			<key>sourceTree</key>
			<string>&lt;group&gt;</string>
		</dict>
		<key>C75F1B9718B5EE83009CB662</key>
		<dict>
			<key>fileRef</key>
			<string>C75F1B9618B5EE83009CB662</string>
			<key>isa</key>
			<string>PBXBuildFile</string>
		</dict>
		<key>C75F1B9818B5EEB6009CB662</key>
		<dict>
			<key>fileEncoding</key>
			<string>4</string>
			<key>isa</key>
			<string>PBXFileReference</string>
			<key>lastKnownFileType</key>
			<string>sourcecode.c.h</string>
			<key>name</key>
			<string>DOUAlbum.h</string>
			<key>path</key>
			<string>Source/Model/DOUAlbum.h</string>
			<key>sourceTree</key>
			<string>&lt;group&gt;</string>
		</dict>
		<key>C75F1B9918B5EEB6009CB662</key>
		<dict>
			<key>fileEncoding</key>
			<string>4</string>
			<key>isa</key>
			<string>PBXFileReference</string>
			<key>lastKnownFileType</key>
			<string>sourcecode.c.objc</string>
			<key>name</key>
			<string>DOUAlbum.m</string>
			<key>path</key>
			<string>Source/Model/DOUAlbum.m</string>
			<key>sourceTree</key>
			<string>&lt;group&gt;</string>
		</dict>
		<key>C75F1B9A18B5EEB6009CB662</key>
		<dict>
			<key>fileRef</key>
			<string>C75F1B9918B5EEB6009CB662</string>
			<key>isa</key>
			<string>PBXBuildFile</string>
		</dict>
		<key>C75F1B9B18B5EECB009CB662</key>
		<dict>
			<key>fileEncoding</key>
			<string>4</string>
			<key>isa</key>
			<string>PBXFileReference</string>
			<key>lastKnownFileType</key>
			<string>sourcecode.c.h</string>
			<key>name</key>
			<string>DOUPhoto.h</string>
			<key>path</key>
			<string>Source/Model/DOUPhoto.h</string>
			<key>sourceTree</key>
			<string>&lt;group&gt;</string>
		</dict>
		<key>C75F1B9C18B5EECB009CB662</key>
		<dict>
			<key>fileEncoding</key>
			<string>4</string>
			<key>isa</key>
			<string>PBXFileReference</string>
			<key>lastKnownFileType</key>
			<string>sourcecode.c.objc</string>
			<key>name</key>
			<string>DOUPhoto.m</string>
			<key>path</key>
			<string>Source/Model/DOUPhoto.m</string>
			<key>sourceTree</key>
			<string>&lt;group&gt;</string>
		</dict>
		<key>C75F1B9D18B5EECB009CB662</key>
		<dict>
			<key>fileRef</key>
			<string>C75F1B9C18B5EECB009CB662</string>
			<key>isa</key>
			<string>PBXBuildFile</string>
		</dict>
		<key>C79CF32018B5CE1900DAAA0F</key>
		<dict>
			<key>children</key>
			<array>
				<string>C79CF33218B5CE1900DAAA0F</string>
				<string>C79CF34B18B5CE1900DAAA0F</string>
				<string>C79CF32B18B5CE1900DAAA0F</string>
				<string>C79CF32A18B5CE1900DAAA0F</string>
				<string>6B8533346D494D9C8DB3E191</string>
			</array>
			<key>isa</key>
			<string>PBXGroup</string>
			<key>sourceTree</key>
			<string>&lt;group&gt;</string>
		</dict>
		<key>C79CF32118B5CE1900DAAA0F</key>
		<dict>
			<key>attributes</key>
			<dict>
				<key>LastUpgradeCheck</key>
				<string>0500</string>
				<key>ORGANIZATIONNAME</key>
				<string>douban</string>
				<key>TargetAttributes</key>
				<dict>
					<key>C79CF34318B5CE1900DAAA0F</key>
					<dict>
						<key>TestTargetID</key>
						<string>C79CF32818B5CE1900DAAA0F</string>
					</dict>
				</dict>
			</dict>
			<key>buildConfigurationList</key>
			<string>C79CF32418B5CE1900DAAA0F</string>
			<key>compatibilityVersion</key>
			<string>Xcode 3.2</string>
			<key>developmentRegion</key>
			<string>English</string>
			<key>hasScannedForEncodings</key>
			<string>0</string>
			<key>isa</key>
			<string>PBXProject</string>
			<key>knownRegions</key>
			<array>
				<string>en</string>
			</array>
			<key>mainGroup</key>
			<string>C79CF32018B5CE1900DAAA0F</string>
			<key>productRefGroup</key>
			<string>C79CF32A18B5CE1900DAAA0F</string>
			<key>projectDirPath</key>
			<string></string>
			<key>projectReferences</key>
			<array/>
			<key>projectRoot</key>
			<string></string>
			<key>targets</key>
			<array>
				<string>C79CF32818B5CE1900DAAA0F</string>
				<string>C79CF34318B5CE1900DAAA0F</string>
			</array>
		</dict>
		<key>C79CF32418B5CE1900DAAA0F</key>
		<dict>
			<key>buildConfigurations</key>
			<array>
				<string>C79CF35318B5CE1900DAAA0F</string>
				<string>C79CF35418B5CE1900DAAA0F</string>
			</array>
			<key>defaultConfigurationIsVisible</key>
			<string>0</string>
			<key>defaultConfigurationName</key>
			<string>Release</string>
			<key>isa</key>
			<string>XCConfigurationList</string>
		</dict>
		<key>C79CF32518B5CE1900DAAA0F</key>
		<dict>
			<key>buildActionMask</key>
			<string>2147483647</string>
			<key>files</key>
			<array>
				<string>C75F1B9118B5EE5E009CB662</string>
				<string>C75F1B9D18B5EECB009CB662</string>
				<string>C75F1B8E18B5EDAE009CB662</string>
				<string>C79CF33918B5CE1900DAAA0F</string>
				<string>C75F1B9418B5EE71009CB662</string>
				<string>C75F1B9A18B5EEB6009CB662</string>
				<string>C75F1B9718B5EE83009CB662</string>
			</array>
			<key>isa</key>
			<string>PBXSourcesBuildPhase</string>
			<key>runOnlyForDeploymentPostprocessing</key>
			<string>0</string>
		</dict>
		<key>C79CF32618B5CE1900DAAA0F</key>
		<dict>
			<key>buildActionMask</key>
			<string>2147483647</string>
			<key>files</key>
			<array>
				<string>C79CF32F18B5CE1900DAAA0F</string>
				<string>C79CF33118B5CE1900DAAA0F</string>
				<string>C79CF32D18B5CE1900DAAA0F</string>
				<string>4830BDC3509D42C3BA211F8E</string>
			</array>
			<key>isa</key>
			<string>PBXFrameworksBuildPhase</string>
			<key>runOnlyForDeploymentPostprocessing</key>
			<string>0</string>
		</dict>
		<key>C79CF32718B5CE1900DAAA0F</key>
		<dict>
			<key>buildActionMask</key>
			<string>2147483647</string>
			<key>files</key>
			<array>
				<string>C79CF33718B5CE1900DAAA0F</string>
				<string>C79CF33F18B5CE1900DAAA0F</string>
			</array>
			<key>isa</key>
			<string>PBXResourcesBuildPhase</string>
			<key>runOnlyForDeploymentPostprocessing</key>
			<string>0</string>
		</dict>
		<key>C79CF32818B5CE1900DAAA0F</key>
		<dict>
			<key>buildConfigurationList</key>
			<string>C79CF35518B5CE1900DAAA0F</string>
			<key>buildPhases</key>
			<array>
				<string>CEDAF1A9826C4A56BC271FFB</string>
				<string>C79CF32518B5CE1900DAAA0F</string>
				<string>C79CF32618B5CE1900DAAA0F</string>
				<string>C79CF32718B5CE1900DAAA0F</string>
				<string>38230447F0BB46C382DDFF3C</string>
			</array>
			<key>buildRules</key>
			<array/>
			<key>dependencies</key>
			<array/>
			<key>isa</key>
			<string>PBXNativeTarget</string>
			<key>name</key>
			<string>Online</string>
			<key>productName</key>
			<string>Online</string>
			<key>productReference</key>
			<string>C79CF32918B5CE1900DAAA0F</string>
			<key>productType</key>
			<string>com.apple.product-type.application</string>
		</dict>
		<key>C79CF32918B5CE1900DAAA0F</key>
		<dict>
			<key>explicitFileType</key>
			<string>wrapper.application</string>
			<key>includeInIndex</key>
			<string>0</string>
			<key>isa</key>
			<string>PBXFileReference</string>
			<key>path</key>
			<string>Online.app</string>
			<key>sourceTree</key>
			<string>BUILT_PRODUCTS_DIR</string>
		</dict>
		<key>C79CF32A18B5CE1900DAAA0F</key>
		<dict>
			<key>children</key>
			<array>
				<string>C79CF32918B5CE1900DAAA0F</string>
				<string>C79CF34418B5CE1900DAAA0F</string>
			</array>
			<key>isa</key>
			<string>PBXGroup</string>
			<key>name</key>
			<string>Products</string>
			<key>sourceTree</key>
			<string>&lt;group&gt;</string>
		</dict>
		<key>C79CF32B18B5CE1900DAAA0F</key>
		<dict>
			<key>children</key>
			<array>
				<string>C79CF32C18B5CE1900DAAA0F</string>
				<string>C79CF32E18B5CE1900DAAA0F</string>
				<string>C79CF33018B5CE1900DAAA0F</string>
				<string>C79CF34518B5CE1900DAAA0F</string>
				<string>68EE3FB5F41B4517B8CE0BE3</string>
			</array>
			<key>isa</key>
			<string>PBXGroup</string>
			<key>name</key>
			<string>Frameworks</string>
			<key>sourceTree</key>
			<string>&lt;group&gt;</string>
		</dict>
		<key>C79CF32C18B5CE1900DAAA0F</key>
		<dict>
			<key>isa</key>
			<string>PBXFileReference</string>
			<key>lastKnownFileType</key>
			<string>wrapper.framework</string>
			<key>name</key>
			<string>Foundation.framework</string>
			<key>path</key>
			<string>System/Library/Frameworks/Foundation.framework</string>
			<key>sourceTree</key>
			<string>SDKROOT</string>
		</dict>
		<key>C79CF32D18B5CE1900DAAA0F</key>
		<dict>
			<key>fileRef</key>
			<string>C79CF32C18B5CE1900DAAA0F</string>
			<key>isa</key>
			<string>PBXBuildFile</string>
		</dict>
		<key>C79CF32E18B5CE1900DAAA0F</key>
		<dict>
			<key>isa</key>
			<string>PBXFileReference</string>
			<key>lastKnownFileType</key>
			<string>wrapper.framework</string>
			<key>name</key>
			<string>CoreGraphics.framework</string>
			<key>path</key>
			<string>System/Library/Frameworks/CoreGraphics.framework</string>
			<key>sourceTree</key>
			<string>SDKROOT</string>
		</dict>
		<key>C79CF32F18B5CE1900DAAA0F</key>
		<dict>
			<key>fileRef</key>
			<string>C79CF32E18B5CE1900DAAA0F</string>
			<key>isa</key>
			<string>PBXBuildFile</string>
		</dict>
		<key>C79CF33018B5CE1900DAAA0F</key>
		<dict>
			<key>isa</key>
			<string>PBXFileReference</string>
			<key>lastKnownFileType</key>
			<string>wrapper.framework</string>
			<key>name</key>
			<string>UIKit.framework</string>
			<key>path</key>
			<string>System/Library/Frameworks/UIKit.framework</string>
			<key>sourceTree</key>
			<string>SDKROOT</string>
		</dict>
		<key>C79CF33118B5CE1900DAAA0F</key>
		<dict>
			<key>fileRef</key>
			<string>C79CF33018B5CE1900DAAA0F</string>
			<key>isa</key>
			<string>PBXBuildFile</string>
		</dict>
		<key>C79CF33218B5CE1900DAAA0F</key>
		<dict>
			<key>children</key>
			<array>
				<string>C75F1B8618B5EC95009CB662</string>
				<string>C75F1B8518B5EC8E009CB662</string>
				<string>C79CF33E18B5CE1900DAAA0F</string>
				<string>C79CF33318B5CE1900DAAA0F</string>
			</array>
			<key>isa</key>
			<string>PBXGroup</string>
			<key>path</key>
			<string>Online</string>
			<key>sourceTree</key>
			<string>&lt;group&gt;</string>
		</dict>
		<key>C79CF33318B5CE1900DAAA0F</key>
		<dict>
			<key>children</key>
			<array>
				<string>C79CF33418B5CE1900DAAA0F</string>
				<string>C79CF33518B5CE1900DAAA0F</string>
				<string>C79CF33818B5CE1900DAAA0F</string>
				<string>C79CF33A18B5CE1900DAAA0F</string>
			</array>
			<key>isa</key>
			<string>PBXGroup</string>
			<key>name</key>
			<string>Supporting Files</string>
			<key>sourceTree</key>
			<string>&lt;group&gt;</string>
		</dict>
		<key>C79CF33418B5CE1900DAAA0F</key>
		<dict>
			<key>isa</key>
			<string>PBXFileReference</string>
			<key>lastKnownFileType</key>
			<string>text.plist.xml</string>
			<key>path</key>
			<string>Online-Info.plist</string>
			<key>sourceTree</key>
			<string>&lt;group&gt;</string>
		</dict>
		<key>C79CF33518B5CE1900DAAA0F</key>
		<dict>
			<key>children</key>
			<array>
				<string>C79CF33618B5CE1900DAAA0F</string>
			</array>
			<key>isa</key>
			<string>PBXVariantGroup</string>
			<key>name</key>
			<string>InfoPlist.strings</string>
			<key>sourceTree</key>
			<string>&lt;group&gt;</string>
		</dict>
		<key>C79CF33618B5CE1900DAAA0F</key>
		<dict>
			<key>isa</key>
			<string>PBXFileReference</string>
			<key>lastKnownFileType</key>
			<string>text.plist.strings</string>
			<key>name</key>
			<string>en</string>
			<key>path</key>
			<string>en.lproj/InfoPlist.strings</string>
			<key>sourceTree</key>
			<string>&lt;group&gt;</string>
		</dict>
		<key>C79CF33718B5CE1900DAAA0F</key>
		<dict>
			<key>fileRef</key>
			<string>C79CF33518B5CE1900DAAA0F</string>
			<key>isa</key>
			<string>PBXBuildFile</string>
		</dict>
		<key>C79CF33818B5CE1900DAAA0F</key>
		<dict>
			<key>isa</key>
			<string>PBXFileReference</string>
			<key>lastKnownFileType</key>
			<string>sourcecode.c.objc</string>
			<key>path</key>
			<string>main.m</string>
			<key>sourceTree</key>
			<string>&lt;group&gt;</string>
		</dict>
		<key>C79CF33918B5CE1900DAAA0F</key>
		<dict>
			<key>fileRef</key>
			<string>C79CF33818B5CE1900DAAA0F</string>
			<key>isa</key>
			<string>PBXBuildFile</string>
		</dict>
		<key>C79CF33A18B5CE1900DAAA0F</key>
		<dict>
			<key>isa</key>
			<string>PBXFileReference</string>
			<key>lastKnownFileType</key>
			<string>sourcecode.c.h</string>
			<key>path</key>
			<string>Online-Prefix.pch</string>
			<key>sourceTree</key>
			<string>&lt;group&gt;</string>
		</dict>
		<key>C79CF33E18B5CE1900DAAA0F</key>
		<dict>
			<key>isa</key>
			<string>PBXFileReference</string>
			<key>lastKnownFileType</key>
			<string>folder.assetcatalog</string>
			<key>path</key>
			<string>Images.xcassets</string>
			<key>sourceTree</key>
			<string>&lt;group&gt;</string>
		</dict>
		<key>C79CF33F18B5CE1900DAAA0F</key>
		<dict>
			<key>fileRef</key>
			<string>C79CF33E18B5CE1900DAAA0F</string>
			<key>isa</key>
			<string>PBXBuildFile</string>
		</dict>
		<key>C79CF34018B5CE1900DAAA0F</key>
		<dict>
			<key>buildActionMask</key>
			<string>2147483647</string>
			<key>files</key>
			<array>
				<string>C79CF35218B5CE1900DAAA0F</string>
			</array>
			<key>isa</key>
			<string>PBXSourcesBuildPhase</string>
			<key>runOnlyForDeploymentPostprocessing</key>
			<string>0</string>
		</dict>
		<key>C79CF34118B5CE1900DAAA0F</key>
		<dict>
			<key>buildActionMask</key>
			<string>2147483647</string>
			<key>files</key>
			<array>
				<string>C79CF34618B5CE1900DAAA0F</string>
				<string>C79CF34818B5CE1900DAAA0F</string>
				<string>C79CF34718B5CE1900DAAA0F</string>
			</array>
			<key>isa</key>
			<string>PBXFrameworksBuildPhase</string>
			<key>runOnlyForDeploymentPostprocessing</key>
			<string>0</string>
		</dict>
		<key>C79CF34218B5CE1900DAAA0F</key>
		<dict>
			<key>buildActionMask</key>
			<string>2147483647</string>
			<key>files</key>
			<array>
				<string>C79CF35018B5CE1900DAAA0F</string>
			</array>
			<key>isa</key>
			<string>PBXResourcesBuildPhase</string>
			<key>runOnlyForDeploymentPostprocessing</key>
			<string>0</string>
		</dict>
		<key>C79CF34318B5CE1900DAAA0F</key>
		<dict>
			<key>buildConfigurationList</key>
			<string>C79CF35818B5CE1900DAAA0F</string>
			<key>buildPhases</key>
			<array>
				<string>C79CF34018B5CE1900DAAA0F</string>
				<string>C79CF34118B5CE1900DAAA0F</string>
				<string>C79CF34218B5CE1900DAAA0F</string>
			</array>
			<key>buildRules</key>
			<array/>
			<key>dependencies</key>
			<array>
				<string>C79CF34A18B5CE1900DAAA0F</string>
			</array>
			<key>isa</key>
			<string>PBXNativeTarget</string>
			<key>name</key>
			<string>OnlineTests</string>
			<key>productName</key>
			<string>OnlineTests</string>
			<key>productReference</key>
			<string>C79CF34418B5CE1900DAAA0F</string>
			<key>productType</key>
			<string>com.apple.product-type.bundle.unit-test</string>
		</dict>
		<key>C79CF34418B5CE1900DAAA0F</key>
		<dict>
			<key>explicitFileType</key>
			<string>wrapper.cfbundle</string>
			<key>includeInIndex</key>
			<string>0</string>
			<key>isa</key>
			<string>PBXFileReference</string>
			<key>path</key>
			<string>OnlineTests.xctest</string>
			<key>sourceTree</key>
			<string>BUILT_PRODUCTS_DIR</string>
		</dict>
		<key>C79CF34518B5CE1900DAAA0F</key>
		<dict>
			<key>isa</key>
			<string>PBXFileReference</string>
			<key>lastKnownFileType</key>
			<string>wrapper.framework</string>
			<key>name</key>
			<string>XCTest.framework</string>
			<key>path</key>
			<string>Library/Frameworks/XCTest.framework</string>
			<key>sourceTree</key>
			<string>DEVELOPER_DIR</string>
		</dict>
		<key>C79CF34618B5CE1900DAAA0F</key>
		<dict>
			<key>fileRef</key>
			<string>C79CF34518B5CE1900DAAA0F</string>
			<key>isa</key>
			<string>PBXBuildFile</string>
		</dict>
		<key>C79CF34718B5CE1900DAAA0F</key>
		<dict>
			<key>fileRef</key>
			<string>C79CF32C18B5CE1900DAAA0F</string>
			<key>isa</key>
			<string>PBXBuildFile</string>
		</dict>
		<key>C79CF34818B5CE1900DAAA0F</key>
		<dict>
			<key>fileRef</key>
			<string>C79CF33018B5CE1900DAAA0F</string>
			<key>isa</key>
			<string>PBXBuildFile</string>
		</dict>
		<key>C79CF34918B5CE1900DAAA0F</key>
		<dict>
			<key>containerPortal</key>
			<string>C79CF32118B5CE1900DAAA0F</string>
			<key>isa</key>
			<string>PBXContainerItemProxy</string>
			<key>proxyType</key>
			<string>1</string>
			<key>remoteGlobalIDString</key>
			<string>C79CF32818B5CE1900DAAA0F</string>
			<key>remoteInfo</key>
			<string>Online</string>
		</dict>
		<key>C79CF34A18B5CE1900DAAA0F</key>
		<dict>
			<key>isa</key>
			<string>PBXTargetDependency</string>
			<key>target</key>
			<string>C79CF32818B5CE1900DAAA0F</string>
			<key>targetProxy</key>
			<string>C79CF34918B5CE1900DAAA0F</string>
		</dict>
		<key>C79CF34B18B5CE1900DAAA0F</key>
		<dict>
			<key>children</key>
			<array>
				<string>C79CF35118B5CE1900DAAA0F</string>
				<string>C79CF34C18B5CE1900DAAA0F</string>
			</array>
			<key>isa</key>
			<string>PBXGroup</string>
			<key>path</key>
			<string>OnlineTests</string>
			<key>sourceTree</key>
			<string>&lt;group&gt;</string>
		</dict>
		<key>C79CF34C18B5CE1900DAAA0F</key>
		<dict>
			<key>children</key>
			<array>
				<string>C79CF34D18B5CE1900DAAA0F</string>
				<string>C79CF34E18B5CE1900DAAA0F</string>
			</array>
			<key>isa</key>
			<string>PBXGroup</string>
			<key>name</key>
			<string>Supporting Files</string>
			<key>sourceTree</key>
			<string>&lt;group&gt;</string>
		</dict>
		<key>C79CF34D18B5CE1900DAAA0F</key>
		<dict>
			<key>isa</key>
			<string>PBXFileReference</string>
			<key>lastKnownFileType</key>
			<string>text.plist.xml</string>
			<key>path</key>
			<string>OnlineTests-Info.plist</string>
			<key>sourceTree</key>
			<string>&lt;group&gt;</string>
		</dict>
		<key>C79CF34E18B5CE1900DAAA0F</key>
		<dict>
			<key>children</key>
			<array>
				<string>C79CF34F18B5CE1900DAAA0F</string>
			</array>
			<key>isa</key>
			<string>PBXVariantGroup</string>
			<key>name</key>
			<string>InfoPlist.strings</string>
			<key>sourceTree</key>
			<string>&lt;group&gt;</string>
		</dict>
		<key>C79CF34F18B5CE1900DAAA0F</key>
		<dict>
			<key>isa</key>
			<string>PBXFileReference</string>
			<key>lastKnownFileType</key>
			<string>text.plist.strings</string>
			<key>name</key>
			<string>en</string>
			<key>path</key>
			<string>en.lproj/InfoPlist.strings</string>
			<key>sourceTree</key>
			<string>&lt;group&gt;</string>
		</dict>
		<key>C79CF35018B5CE1900DAAA0F</key>
		<dict>
			<key>fileRef</key>
			<string>C79CF34E18B5CE1900DAAA0F</string>
			<key>isa</key>
			<string>PBXBuildFile</string>
		</dict>
		<key>C79CF35118B5CE1900DAAA0F</key>
		<dict>
			<key>isa</key>
			<string>PBXFileReference</string>
			<key>lastKnownFileType</key>
			<string>sourcecode.c.objc</string>
			<key>path</key>
			<string>OnlineTests.m</string>
			<key>sourceTree</key>
			<string>&lt;group&gt;</string>
		</dict>
		<key>C79CF35218B5CE1900DAAA0F</key>
		<dict>
			<key>fileRef</key>
			<string>C79CF35118B5CE1900DAAA0F</string>
			<key>isa</key>
			<string>PBXBuildFile</string>
		</dict>
		<key>C79CF35318B5CE1900DAAA0F</key>
		<dict>
			<key>buildSettings</key>
			<dict>
				<key>ALWAYS_SEARCH_USER_PATHS</key>
				<string>NO</string>
				<key>ARCHS</key>
				<string>$(ARCHS_STANDARD_INCLUDING_64_BIT)</string>
				<key>CLANG_CXX_LANGUAGE_STANDARD</key>
				<string>gnu++0x</string>
				<key>CLANG_CXX_LIBRARY</key>
				<string>libc++</string>
				<key>CLANG_ENABLE_MODULES</key>
				<string>YES</string>
				<key>CLANG_ENABLE_OBJC_ARC</key>
				<string>YES</string>
				<key>CLANG_WARN_BOOL_CONVERSION</key>
				<string>YES</string>
				<key>CLANG_WARN_CONSTANT_CONVERSION</key>
				<string>YES</string>
				<key>CLANG_WARN_DIRECT_OBJC_ISA_USAGE</key>
				<string>YES_ERROR</string>
				<key>CLANG_WARN_EMPTY_BODY</key>
				<string>YES</string>
				<key>CLANG_WARN_ENUM_CONVERSION</key>
				<string>YES</string>
				<key>CLANG_WARN_INT_CONVERSION</key>
				<string>YES</string>
				<key>CLANG_WARN_OBJC_ROOT_CLASS</key>
				<string>YES_ERROR</string>
				<key>CLANG_WARN__DUPLICATE_METHOD_MATCH</key>
				<string>YES</string>
				<key>CODE_SIGN_IDENTITY[sdk=iphoneos*]</key>
				<string>iPhone Developer</string>
				<key>COPY_PHASE_STRIP</key>
				<string>NO</string>
				<key>GCC_C_LANGUAGE_STANDARD</key>
				<string>gnu99</string>
				<key>GCC_DYNAMIC_NO_PIC</key>
				<string>NO</string>
				<key>GCC_OPTIMIZATION_LEVEL</key>
				<string>0</string>
				<key>GCC_PREPROCESSOR_DEFINITIONS</key>
				<array>
					<string>DEBUG=1</string>
					<string>$(inherited)</string>
				</array>
				<key>GCC_SYMBOLS_PRIVATE_EXTERN</key>
				<string>NO</string>
				<key>GCC_WARN_64_TO_32_BIT_CONVERSION</key>
				<string>YES</string>
				<key>GCC_WARN_ABOUT_RETURN_TYPE</key>
				<string>YES_ERROR</string>
				<key>GCC_WARN_UNDECLARED_SELECTOR</key>
				<string>YES</string>
				<key>GCC_WARN_UNINITIALIZED_AUTOS</key>
				<string>YES</string>
				<key>GCC_WARN_UNUSED_FUNCTION</key>
				<string>YES</string>
				<key>GCC_WARN_UNUSED_VARIABLE</key>
				<string>YES</string>
				<key>IPHONEOS_DEPLOYMENT_TARGET</key>
				<string>7.0</string>
				<key>ONLY_ACTIVE_ARCH</key>
				<string>YES</string>
				<key>SDKROOT</key>
				<string>iphoneos</string>
				<key>TARGETED_DEVICE_FAMILY</key>
				<string>1,2</string>
			</dict>
			<key>isa</key>
			<string>XCBuildConfiguration</string>
			<key>name</key>
			<string>Debug</string>
		</dict>
		<key>C79CF35418B5CE1900DAAA0F</key>
		<dict>
			<key>buildSettings</key>
			<dict>
				<key>ALWAYS_SEARCH_USER_PATHS</key>
				<string>NO</string>
				<key>ARCHS</key>
				<string>$(ARCHS_STANDARD_INCLUDING_64_BIT)</string>
				<key>CLANG_CXX_LANGUAGE_STANDARD</key>
				<string>gnu++0x</string>
				<key>CLANG_CXX_LIBRARY</key>
				<string>libc++</string>
				<key>CLANG_ENABLE_MODULES</key>
				<string>YES</string>
				<key>CLANG_ENABLE_OBJC_ARC</key>
				<string>YES</string>
				<key>CLANG_WARN_BOOL_CONVERSION</key>
				<string>YES</string>
				<key>CLANG_WARN_CONSTANT_CONVERSION</key>
				<string>YES</string>
				<key>CLANG_WARN_DIRECT_OBJC_ISA_USAGE</key>
				<string>YES_ERROR</string>
				<key>CLANG_WARN_EMPTY_BODY</key>
				<string>YES</string>
				<key>CLANG_WARN_ENUM_CONVERSION</key>
				<string>YES</string>
				<key>CLANG_WARN_INT_CONVERSION</key>
				<string>YES</string>
				<key>CLANG_WARN_OBJC_ROOT_CLASS</key>
				<string>YES_ERROR</string>
				<key>CLANG_WARN__DUPLICATE_METHOD_MATCH</key>
				<string>YES</string>
				<key>CODE_SIGN_IDENTITY[sdk=iphoneos*]</key>
				<string>iPhone Developer</string>
				<key>COPY_PHASE_STRIP</key>
				<string>YES</string>
				<key>ENABLE_NS_ASSERTIONS</key>
				<string>NO</string>
				<key>GCC_C_LANGUAGE_STANDARD</key>
				<string>gnu99</string>
				<key>GCC_WARN_64_TO_32_BIT_CONVERSION</key>
				<string>YES</string>
				<key>GCC_WARN_ABOUT_RETURN_TYPE</key>
				<string>YES_ERROR</string>
				<key>GCC_WARN_UNDECLARED_SELECTOR</key>
				<string>YES</string>
				<key>GCC_WARN_UNINITIALIZED_AUTOS</key>
				<string>YES</string>
				<key>GCC_WARN_UNUSED_FUNCTION</key>
				<string>YES</string>
				<key>GCC_WARN_UNUSED_VARIABLE</key>
				<string>YES</string>
				<key>IPHONEOS_DEPLOYMENT_TARGET</key>
				<string>7.0</string>
				<key>SDKROOT</key>
				<string>iphoneos</string>
				<key>TARGETED_DEVICE_FAMILY</key>
				<string>1,2</string>
				<key>VALIDATE_PRODUCT</key>
				<string>YES</string>
			</dict>
			<key>isa</key>
			<string>XCBuildConfiguration</string>
			<key>name</key>
			<string>Release</string>
		</dict>
		<key>C79CF35518B5CE1900DAAA0F</key>
		<dict>
			<key>buildConfigurations</key>
			<array>
				<string>C79CF35618B5CE1900DAAA0F</string>
				<string>C79CF35718B5CE1900DAAA0F</string>
			</array>
			<key>defaultConfigurationIsVisible</key>
			<string>0</string>
			<key>defaultConfigurationName</key>
			<string>Release</string>
			<key>isa</key>
			<string>XCConfigurationList</string>
		</dict>
		<key>C79CF35618B5CE1900DAAA0F</key>
		<dict>
			<key>baseConfigurationReference</key>
			<string>6B8533346D494D9C8DB3E191</string>
			<key>buildSettings</key>
			<dict>
				<key>ASSETCATALOG_COMPILER_APPICON_NAME</key>
				<string>AppIcon</string>
				<key>ASSETCATALOG_COMPILER_LAUNCHIMAGE_NAME</key>
				<string>LaunchImage</string>
				<key>GCC_PRECOMPILE_PREFIX_HEADER</key>
				<string>YES</string>
				<key>GCC_PREFIX_HEADER</key>
				<string>Online/Online-Prefix.pch</string>
				<key>INFOPLIST_FILE</key>
				<string>Online/Online-Info.plist</string>
				<key>PRODUCT_NAME</key>
				<string>$(TARGET_NAME)</string>
				<key>WRAPPER_EXTENSION</key>
				<string>app</string>
			</dict>
			<key>isa</key>
			<string>XCBuildConfiguration</string>
			<key>name</key>
			<string>Debug</string>
		</dict>
		<key>C79CF35718B5CE1900DAAA0F</key>
		<dict>
			<key>baseConfigurationReference</key>
			<string>6B8533346D494D9C8DB3E191</string>
			<key>buildSettings</key>
			<dict>
				<key>ASSETCATALOG_COMPILER_APPICON_NAME</key>
				<string>AppIcon</string>
				<key>ASSETCATALOG_COMPILER_LAUNCHIMAGE_NAME</key>
				<string>LaunchImage</string>
				<key>GCC_PRECOMPILE_PREFIX_HEADER</key>
				<string>YES</string>
				<key>GCC_PREFIX_HEADER</key>
				<string>Online/Online-Prefix.pch</string>
				<key>INFOPLIST_FILE</key>
				<string>Online/Online-Info.plist</string>
				<key>PRODUCT_NAME</key>
				<string>$(TARGET_NAME)</string>
				<key>WRAPPER_EXTENSION</key>
				<string>app</string>
			</dict>
			<key>isa</key>
			<string>XCBuildConfiguration</string>
			<key>name</key>
			<string>Release</string>
		</dict>
		<key>C79CF35818B5CE1900DAAA0F</key>
		<dict>
			<key>buildConfigurations</key>
			<array>
				<string>C79CF35918B5CE1900DAAA0F</string>
				<string>C79CF35A18B5CE1900DAAA0F</string>
			</array>
			<key>defaultConfigurationIsVisible</key>
			<string>0</string>
			<key>defaultConfigurationName</key>
			<string>Release</string>
			<key>isa</key>
			<string>XCConfigurationList</string>
		</dict>
		<key>C79CF35918B5CE1900DAAA0F</key>
		<dict>
			<key>buildSettings</key>
			<dict>
				<key>ARCHS</key>
				<string>$(ARCHS_STANDARD_INCLUDING_64_BIT)</string>
				<key>BUNDLE_LOADER</key>
				<string>$(BUILT_PRODUCTS_DIR)/Online.app/Online</string>
				<key>FRAMEWORK_SEARCH_PATHS</key>
				<array>
					<string>$(SDKROOT)/Developer/Library/Frameworks</string>
					<string>$(inherited)</string>
					<string>$(DEVELOPER_FRAMEWORKS_DIR)</string>
				</array>
				<key>GCC_PRECOMPILE_PREFIX_HEADER</key>
				<string>YES</string>
				<key>GCC_PREFIX_HEADER</key>
				<string>Online/Online-Prefix.pch</string>
				<key>GCC_PREPROCESSOR_DEFINITIONS</key>
				<array>
					<string>DEBUG=1</string>
					<string>$(inherited)</string>
				</array>
				<key>INFOPLIST_FILE</key>
				<string>OnlineTests/OnlineTests-Info.plist</string>
				<key>PRODUCT_NAME</key>
				<string>$(TARGET_NAME)</string>
				<key>TEST_HOST</key>
				<string>$(BUNDLE_LOADER)</string>
				<key>WRAPPER_EXTENSION</key>
				<string>xctest</string>
			</dict>
			<key>isa</key>
			<string>XCBuildConfiguration</string>
			<key>name</key>
			<string>Debug</string>
		</dict>
		<key>C79CF35A18B5CE1900DAAA0F</key>
		<dict>
			<key>buildSettings</key>
			<dict>
				<key>ARCHS</key>
				<string>$(ARCHS_STANDARD_INCLUDING_64_BIT)</string>
				<key>BUNDLE_LOADER</key>
				<string>$(BUILT_PRODUCTS_DIR)/Online.app/Online</string>
				<key>FRAMEWORK_SEARCH_PATHS</key>
				<array>
					<string>$(SDKROOT)/Developer/Library/Frameworks</string>
					<string>$(inherited)</string>
					<string>$(DEVELOPER_FRAMEWORKS_DIR)</string>
				</array>
				<key>GCC_PRECOMPILE_PREFIX_HEADER</key>
				<string>YES</string>
				<key>GCC_PREFIX_HEADER</key>
				<string>Online/Online-Prefix.pch</string>
				<key>INFOPLIST_FILE</key>
				<string>OnlineTests/OnlineTests-Info.plist</string>
				<key>PRODUCT_NAME</key>
				<string>$(TARGET_NAME)</string>
				<key>TEST_HOST</key>
				<string>$(BUNDLE_LOADER)</string>
				<key>WRAPPER_EXTENSION</key>
				<string>xctest</string>
			</dict>
			<key>isa</key>
			<string>XCBuildConfiguration</string>
			<key>name</key>
			<string>Release</string>
		</dict>
		<key>CEDAF1A9826C4A56BC271FFB</key>
		<dict>
			<key>buildActionMask</key>
			<string>2147483647</string>
			<key>files</key>
			<array/>
			<key>inputPaths</key>
			<array/>
			<key>isa</key>
			<string>PBXShellScriptBuildPhase</string>
			<key>name</key>
			<string>Check Pods Manifest.lock</string>
			<key>outputPaths</key>
			<array/>
			<key>runOnlyForDeploymentPostprocessing</key>
			<string>0</string>
			<key>shellPath</key>
			<string>/bin/sh</string>
			<key>shellScript</key>
			<string>diff "${PODS_ROOT}/../Podfile.lock" "${PODS_ROOT}/Manifest.lock" &gt; /dev/null
if [[ $? != 0 ]] ; then
    cat &lt;&lt; EOM
error: The sandbox is not in sync with the Podfile.lock. Run 'pod install' or update your CocoaPods installation.
EOM
    exit 1
fi
</string>
			<key>showEnvVarsInLog</key>
			<string>0</string>
		</dict>
	</dict>
	<key>rootObject</key>
	<string>C79CF32118B5CE1900DAAA0F</string>
</dict>
</plist>
